{
    "name": "opensubtitles-api",
    "version": "4.1.0",
    "lockfileVersion": 1,
    "requires": true,
    "dependencies": {
        "sax": {
            "version": "1.2.4",
            "resolved": "https://registry.npmjs.org/sax/-/sax-1.2.4.tgz",
            "integrity": "sha512-NqVDv9TpANUjFm0N8uM5GxL36UgKi9/atZw+x7YFnQ8ckwFGKrl4xX4yWtrey3UJm5nP1kUbnYgLopqWNSRhWw=="
        },
        "urijs": {
            "version": "1.19.1",
            "resolved": "https://registry.npmjs.org/urijs/-/urijs-1.19.1.tgz",
            "integrity": "sha512-xVrGVi94ueCJNrBSTjWqjvtgvl3cyOTThp2zaMaFNGp3F542TR6sM3f2o8RqZl+AwteClSVmoCyt0ka4RjQOQg=="
        },
        "xmlbuilder": {
            "version": "8.2.2",
            "resolved": "https://registry.npmjs.org/xmlbuilder/-/xmlbuilder-8.2.2.tgz",
            "integrity": "sha1-aSSGc0ELS6QuGmE2VR0pIjNap3M="
        },
        "xmlrpc": {
            "version": "1.3.2",
            "resolved": "https://registry.npmjs.org/xmlrpc/-/xmlrpc-1.3.2.tgz",
            "integrity": "sha1-JrLqNHhI0Ciqx+dRS1NRl23j6D0=",
            "requires": {
                "sax": "1.2.4",
                "xmlbuilder": "8.2.2"
            }
        }
    }
}
